// !$*UTF8*$!
{
	archiveVersion = 1;
	classes = {
	};
	objectVersion = 56;
	objects = {

/* Begin PBXBuildFile section */
		76027F6C2ADE3D6E00C6F9EC /* CategoryTheme.swift in Sources */ = {isa = PBXBuildFile; fileRef = 76027F6B2ADE3D6E00C6F9EC /* CategoryTheme.swift */; };
		76027F722ADE47F500C6F9EC /* IconTheme.swift in Sources */ = {isa = PBXBuildFile; fileRef = 76027F712ADE47F500C6F9EC /* IconTheme.swift */; };
		764ACABF2ACD20CF002C7082 /* MemoData+CoreDataClass.swift in Sources */ = {isa = PBXBuildFile; fileRef = 764ACABB2ACD20CF002C7082 /* MemoData+CoreDataClass.swift */; };
		764ACAC02ACD20CF002C7082 /* MemoData+CoreDataProperties.swift in Sources */ = {isa = PBXBuildFile; fileRef = 764ACABC2ACD20CF002C7082 /* MemoData+CoreDataProperties.swift */; };
		764ACACD2ACD70AA002C7082 /* NewMemoViewController.swift in Sources */ = {isa = PBXBuildFile; fileRef = 764ACACC2ACD70AA002C7082 /* NewMemoViewController.swift */; };
		767631242AD3D348009C148D /* TodayCell.swift in Sources */ = {isa = PBXBuildFile; fileRef = 767631232AD3D348009C148D /* TodayCell.swift */; };
		767631262AD3D3E3009C148D /* TodayViewController.swift in Sources */ = {isa = PBXBuildFile; fileRef = 767631252AD3D3E3009C148D /* TodayViewController.swift */; };
		7681C28E2ACFF4F9009E8DE6 /* CategoryViewController.swift in Sources */ = {isa = PBXBuildFile; fileRef = 7681C28D2ACFF4F9009E8DE6 /* CategoryViewController.swift */; };
		7681C2902ACFF529009E8DE6 /* CategoryDetailCell.swift in Sources */ = {isa = PBXBuildFile; fileRef = 7681C28F2ACFF529009E8DE6 /* CategoryDetailCell.swift */; };
		7681C2932AD012B3009E8DE6 /* MemoDataManager.swift in Sources */ = {isa = PBXBuildFile; fileRef = 7681C2922AD012B3009E8DE6 /* MemoDataManager.swift */; };
		7681C2952AD01C64009E8DE6 /* Category.swift in Sources */ = {isa = PBXBuildFile; fileRef = 7681C2942AD01C64009E8DE6 /* Category.swift */; };
		7684D8492B170B6300D6E0E6 /* TodayViewModel.swift in Sources */ = {isa = PBXBuildFile; fileRef = 7684D8482B170B6300D6E0E6 /* TodayViewModel.swift */; };
		7684D84B2B17146500D6E0E6 /* MemoViewModel.swift in Sources */ = {isa = PBXBuildFile; fileRef = 7684D84A2B17146500D6E0E6 /* MemoViewModel.swift */; };
		7684D84D2B171C7000D6E0E6 /* CategoryViewModel.swift in Sources */ = {isa = PBXBuildFile; fileRef = 7684D84C2B171C7000D6E0E6 /* CategoryViewModel.swift */; };
		7684D84F2B17213000D6E0E6 /* MainCategoryViewModel.swift in Sources */ = {isa = PBXBuildFile; fileRef = 7684D84E2B17213000D6E0E6 /* MainCategoryViewModel.swift */; };
		76E6E1A22AD51815004EB37F /* CategoryTransformer.swift in Sources */ = {isa = PBXBuildFile; fileRef = 76E6E1A12AD51815004EB37F /* CategoryTransformer.swift */; };
		76E856CB2ACBF6D1009433D6 /* AppDelegate.swift in Sources */ = {isa = PBXBuildFile; fileRef = 76E856CA2ACBF6D1009433D6 /* AppDelegate.swift */; };
		76E856CD2ACBF6D1009433D6 /* SceneDelegate.swift in Sources */ = {isa = PBXBuildFile; fileRef = 76E856CC2ACBF6D1009433D6 /* SceneDelegate.swift */; };
		76E856CF2ACBF6D1009433D6 /* MainCategoryViewController.swift in Sources */ = {isa = PBXBuildFile; fileRef = 76E856CE2ACBF6D1009433D6 /* MainCategoryViewController.swift */; };
		76E856D22ACBF6D1009433D6 /* Main.storyboard in Resources */ = {isa = PBXBuildFile; fileRef = 76E856D02ACBF6D1009433D6 /* Main.storyboard */; };
		76E856D52ACBF6D1009433D6 /* ThinkingAbout.xcdatamodeld in Sources */ = {isa = PBXBuildFile; fileRef = 76E856D32ACBF6D1009433D6 /* ThinkingAbout.xcdatamodeld */; };
		76E856D72ACBF6D2009433D6 /* Assets.xcassets in Resources */ = {isa = PBXBuildFile; fileRef = 76E856D62ACBF6D2009433D6 /* Assets.xcassets */; };
		76E856DA2ACBF6D2009433D6 /* LaunchScreen.storyboard in Resources */ = {isa = PBXBuildFile; fileRef = 76E856D82ACBF6D2009433D6 /* LaunchScreen.storyboard */; };
		76E856E22ACC00C4009433D6 /* CategoryListCell.swift in Sources */ = {isa = PBXBuildFile; fileRef = 76E856E12ACC00C4009433D6 /* CategoryListCell.swift */; };
/* End PBXBuildFile section */

/* Begin PBXFileReference section */
		76027F6B2ADE3D6E00C6F9EC /* CategoryTheme.swift */ = {isa = PBXFileReference; lastKnownFileType = sourcecode.swift; path = CategoryTheme.swift; sourceTree = "<group>"; };
		76027F712ADE47F500C6F9EC /* IconTheme.swift */ = {isa = PBXFileReference; lastKnownFileType = sourcecode.swift; path = IconTheme.swift; sourceTree = "<group>"; };
		764ACABB2ACD20CF002C7082 /* MemoData+CoreDataClass.swift */ = {isa = PBXFileReference; lastKnownFileType = sourcecode.swift; path = "MemoData+CoreDataClass.swift"; sourceTree = "<group>"; };
		764ACABC2ACD20CF002C7082 /* MemoData+CoreDataProperties.swift */ = {isa = PBXFileReference; lastKnownFileType = sourcecode.swift; path = "MemoData+CoreDataProperties.swift"; sourceTree = "<group>"; };
		764ACACC2ACD70AA002C7082 /* NewMemoViewController.swift */ = {isa = PBXFileReference; lastKnownFileType = sourcecode.swift; path = NewMemoViewController.swift; sourceTree = "<group>"; };
		767631232AD3D348009C148D /* TodayCell.swift */ = {isa = PBXFileReference; lastKnownFileType = sourcecode.swift; path = TodayCell.swift; sourceTree = "<group>"; };
		767631252AD3D3E3009C148D /* TodayViewController.swift */ = {isa = PBXFileReference; lastKnownFileType = sourcecode.swift; path = TodayViewController.swift; sourceTree = "<group>"; };
		7681C28D2ACFF4F9009E8DE6 /* CategoryViewController.swift */ = {isa = PBXFileReference; lastKnownFileType = sourcecode.swift; path = CategoryViewController.swift; sourceTree = "<group>"; };
		7681C28F2ACFF529009E8DE6 /* CategoryDetailCell.swift */ = {isa = PBXFileReference; lastKnownFileType = sourcecode.swift; path = CategoryDetailCell.swift; sourceTree = "<group>"; };
		7681C2922AD012B3009E8DE6 /* MemoDataManager.swift */ = {isa = PBXFileReference; lastKnownFileType = sourcecode.swift; path = MemoDataManager.swift; sourceTree = "<group>"; };
		7681C2942AD01C64009E8DE6 /* Category.swift */ = {isa = PBXFileReference; lastKnownFileType = sourcecode.swift; path = Category.swift; sourceTree = "<group>"; };
		7684D8482B170B6300D6E0E6 /* TodayViewModel.swift */ = {isa = PBXFileReference; lastKnownFileType = sourcecode.swift; path = TodayViewModel.swift; sourceTree = "<group>"; };
		7684D84A2B17146500D6E0E6 /* MemoViewModel.swift */ = {isa = PBXFileReference; lastKnownFileType = sourcecode.swift; path = MemoViewModel.swift; sourceTree = "<group>"; };
		7684D84C2B171C7000D6E0E6 /* CategoryViewModel.swift */ = {isa = PBXFileReference; lastKnownFileType = sourcecode.swift; path = CategoryViewModel.swift; sourceTree = "<group>"; };
		7684D84E2B17213000D6E0E6 /* MainCategoryViewModel.swift */ = {isa = PBXFileReference; lastKnownFileType = sourcecode.swift; path = MainCategoryViewModel.swift; sourceTree = "<group>"; };
		76E6E1A12AD51815004EB37F /* CategoryTransformer.swift */ = {isa = PBXFileReference; lastKnownFileType = sourcecode.swift; path = CategoryTransformer.swift; sourceTree = "<group>"; };
		76E856C72ACBF6D1009433D6 /* ThinkingAbout.app */ = {isa = PBXFileReference; explicitFileType = wrapper.application; includeInIndex = 0; path = ThinkingAbout.app; sourceTree = BUILT_PRODUCTS_DIR; };
		76E856CA2ACBF6D1009433D6 /* AppDelegate.swift */ = {isa = PBXFileReference; lastKnownFileType = sourcecode.swift; path = AppDelegate.swift; sourceTree = "<group>"; };
		76E856CC2ACBF6D1009433D6 /* SceneDelegate.swift */ = {isa = PBXFileReference; lastKnownFileType = sourcecode.swift; path = SceneDelegate.swift; sourceTree = "<group>"; };
		76E856CE2ACBF6D1009433D6 /* MainCategoryViewController.swift */ = {isa = PBXFileReference; lastKnownFileType = sourcecode.swift; path = MainCategoryViewController.swift; sourceTree = "<group>"; };
		76E856D12ACBF6D1009433D6 /* Base */ = {isa = PBXFileReference; lastKnownFileType = file.storyboard; name = Base; path = Base.lproj/Main.storyboard; sourceTree = "<group>"; };
		76E856D42ACBF6D1009433D6 /* ThinkingAbout.xcdatamodel */ = {isa = PBXFileReference; lastKnownFileType = wrapper.xcdatamodel; path = ThinkingAbout.xcdatamodel; sourceTree = "<group>"; };
		76E856D62ACBF6D2009433D6 /* Assets.xcassets */ = {isa = PBXFileReference; lastKnownFileType = folder.assetcatalog; path = Assets.xcassets; sourceTree = "<group>"; };
		76E856D92ACBF6D2009433D6 /* Base */ = {isa = PBXFileReference; lastKnownFileType = file.storyboard; name = Base; path = Base.lproj/LaunchScreen.storyboard; sourceTree = "<group>"; };
		76E856DB2ACBF6D2009433D6 /* Info.plist */ = {isa = PBXFileReference; lastKnownFileType = text.plist.xml; path = Info.plist; sourceTree = "<group>"; };
		76E856E12ACC00C4009433D6 /* CategoryListCell.swift */ = {isa = PBXFileReference; lastKnownFileType = sourcecode.swift; path = CategoryListCell.swift; sourceTree = "<group>"; };
/* End PBXFileReference section */

/* Begin PBXFrameworksBuildPhase section */
		76E856C42ACBF6D1009433D6 /* Frameworks */ = {
			isa = PBXFrameworksBuildPhase;
			buildActionMask = 2147483647;
			files = (
			);
			runOnlyForDeploymentPostprocessing = 0;
		};
/* End PBXFrameworksBuildPhase section */

/* Begin PBXGroup section */
		76027F682ADE3CA800C6F9EC /* Extensions */ = {
			isa = PBXGroup;
			children = (
				76027F6B2ADE3D6E00C6F9EC /* CategoryTheme.swift */,
				76027F712ADE47F500C6F9EC /* IconTheme.swift */,
			);
			path = Extensions;
			sourceTree = "<group>";
		};
		76027F692ADE3CBD00C6F9EC /* DataManager */ = {
			isa = PBXGroup;
			children = (
				7681C2922AD012B3009E8DE6 /* MemoDataManager.swift */,
			);
			path = DataManager;
			sourceTree = "<group>";
		};
		76027F6A2ADE3D3300C6F9EC /* Services */ = {
			isa = PBXGroup;
			children = (
				7681C2942AD01C64009E8DE6 /* Category.swift */,
				76E6E1A12AD51815004EB37F /* CategoryTransformer.swift */,
			);
			path = Services;
			sourceTree = "<group>";
		};
		76027F6D2ADE43F300C6F9EC /* Home */ = {
			isa = PBXGroup;
			children = (
				7684D8462B170B2A00D6E0E6 /* ViewModels */,
				764ACAC82ACD2203002C7082 /* Views */,
			);
			path = Home;
			sourceTree = "<group>";
		};
		76027F6E2ADE441400C6F9EC /* Today */ = {
			isa = PBXGroup;
			children = (
				7684D8472B170B4000D6E0E6 /* ViewModels */,
				76027F6F2ADE445B00C6F9EC /* Views */,
			);
			path = Today;
			sourceTree = "<group>";
		};
		76027F6F2ADE445B00C6F9EC /* Views */ = {
			isa = PBXGroup;
			children = (
				767631232AD3D348009C148D /* TodayCell.swift */,
				767631252AD3D3E3009C148D /* TodayViewController.swift */,
			);
			path = Views;
			sourceTree = "<group>";
		};
		764ACAC72ACD21FC002C7082 /* Models */ = {
			isa = PBXGroup;
			children = (
				764ACABB2ACD20CF002C7082 /* MemoData+CoreDataClass.swift */,
				764ACABC2ACD20CF002C7082 /* MemoData+CoreDataProperties.swift */,
			);
			path = Models;
			sourceTree = "<group>";
		};
		764ACAC82ACD2203002C7082 /* Views */ = {
			isa = PBXGroup;
			children = (
				76E856D02ACBF6D1009433D6 /* Main.storyboard */,
				76E856E12ACC00C4009433D6 /* CategoryListCell.swift */,
				7681C28F2ACFF529009E8DE6 /* CategoryDetailCell.swift */,
				76E856CE2ACBF6D1009433D6 /* MainCategoryViewController.swift */,
				764ACACC2ACD70AA002C7082 /* NewMemoViewController.swift */,
				7681C28D2ACFF4F9009E8DE6 /* CategoryViewController.swift */,
			);
			path = Views;
			sourceTree = "<group>";
		};
		7684D8462B170B2A00D6E0E6 /* ViewModels */ = {
			isa = PBXGroup;
			children = (
				7684D84A2B17146500D6E0E6 /* MemoViewModel.swift */,
				7684D84E2B17213000D6E0E6 /* MainCategoryViewModel.swift */,
				7684D84C2B171C7000D6E0E6 /* CategoryViewModel.swift */,
			);
			path = ViewModels;
			sourceTree = "<group>";
		};
		7684D8472B170B4000D6E0E6 /* ViewModels */ = {
			isa = PBXGroup;
			children = (
				7684D8482B170B6300D6E0E6 /* TodayViewModel.swift */,
			);
			path = ViewModels;
			sourceTree = "<group>";
		};
		76E856BE2ACBF6D1009433D6 = {
			isa = PBXGroup;
			children = (
				76E856C92ACBF6D1009433D6 /* ThinkingAbout */,
				76E856C82ACBF6D1009433D6 /* Products */,
			);
			sourceTree = "<group>";
		};
		76E856C82ACBF6D1009433D6 /* Products */ = {
			isa = PBXGroup;
			children = (
				76E856C72ACBF6D1009433D6 /* ThinkingAbout.app */,
			);
			name = Products;
			sourceTree = "<group>";
		};
		76E856C92ACBF6D1009433D6 /* ThinkingAbout */ = {
			isa = PBXGroup;
			children = (
				76E856CA2ACBF6D1009433D6 /* AppDelegate.swift */,
				76E856CC2ACBF6D1009433D6 /* SceneDelegate.swift */,
				76027F682ADE3CA800C6F9EC /* Extensions */,
				76027F6A2ADE3D3300C6F9EC /* Services */,
				76027F692ADE3CBD00C6F9EC /* DataManager */,
				764ACAC72ACD21FC002C7082 /* Models */,
				76027F6D2ADE43F300C6F9EC /* Home */,
				76027F6E2ADE441400C6F9EC /* Today */,
				76E856D62ACBF6D2009433D6 /* Assets.xcassets */,
				76E856D82ACBF6D2009433D6 /* LaunchScreen.storyboard */,
				76E856DB2ACBF6D2009433D6 /* Info.plist */,
				76E856D32ACBF6D1009433D6 /* ThinkingAbout.xcdatamodeld */,
			);
			path = ThinkingAbout;
			sourceTree = "<group>";
		};
/* End PBXGroup section */

/* Begin PBXNativeTarget section */
		76E856C62ACBF6D1009433D6 /* ThinkingAbout */ = {
			isa = PBXNativeTarget;
			buildConfigurationList = 76E856DE2ACBF6D2009433D6 /* Build configuration list for PBXNativeTarget "ThinkingAbout" */;
			buildPhases = (
				76E856C32ACBF6D1009433D6 /* Sources */,
				76E856C42ACBF6D1009433D6 /* Frameworks */,
				76E856C52ACBF6D1009433D6 /* Resources */,
			);
			buildRules = (
			);
			dependencies = (
			);
			name = ThinkingAbout;
			productName = ThinkingAbout;
			productReference = 76E856C72ACBF6D1009433D6 /* ThinkingAbout.app */;
			productType = "com.apple.product-type.application";
		};
/* End PBXNativeTarget section */

/* Begin PBXProject section */
		76E856BF2ACBF6D1009433D6 /* Project object */ = {
			isa = PBXProject;
			attributes = {
				BuildIndependentTargetsInParallel = 1;
				LastSwiftUpdateCheck = 1420;
				LastUpgradeCheck = 1420;
				TargetAttributes = {
					76E856C62ACBF6D1009433D6 = {
						CreatedOnToolsVersion = 14.2;
					};
				};
			};
			buildConfigurationList = 76E856C22ACBF6D1009433D6 /* Build configuration list for PBXProject "ThinkingAbout" */;
			compatibilityVersion = "Xcode 14.0";
			developmentRegion = en;
			hasScannedForEncodings = 0;
			knownRegions = (
				en,
				Base,
			);
			mainGroup = 76E856BE2ACBF6D1009433D6;
			productRefGroup = 76E856C82ACBF6D1009433D6 /* Products */;
			projectDirPath = "";
			projectRoot = "";
			targets = (
				76E856C62ACBF6D1009433D6 /* ThinkingAbout */,
			);
		};
/* End PBXProject section */

/* Begin PBXResourcesBuildPhase section */
		76E856C52ACBF6D1009433D6 /* Resources */ = {
			isa = PBXResourcesBuildPhase;
			buildActionMask = 2147483647;
			files = (
				76E856DA2ACBF6D2009433D6 /* LaunchScreen.storyboard in Resources */,
				76E856D72ACBF6D2009433D6 /* Assets.xcassets in Resources */,
				76E856D22ACBF6D1009433D6 /* Main.storyboard in Resources */,
			);
			runOnlyForDeploymentPostprocessing = 0;
		};
/* End PBXResourcesBuildPhase section */

/* Begin PBXSourcesBuildPhase section */
		76E856C32ACBF6D1009433D6 /* Sources */ = {
			isa = PBXSourcesBuildPhase;
			buildActionMask = 2147483647;
			files = (
				7681C28E2ACFF4F9009E8DE6 /* CategoryViewController.swift in Sources */,
				76E856CF2ACBF6D1009433D6 /* MainCategoryViewController.swift in Sources */,
				7681C2952AD01C64009E8DE6 /* Category.swift in Sources */,
				76E856E22ACC00C4009433D6 /* CategoryListCell.swift in Sources */,
				76E856D52ACBF6D1009433D6 /* ThinkingAbout.xcdatamodeld in Sources */,
				764ACABF2ACD20CF002C7082 /* MemoData+CoreDataClass.swift in Sources */,
				764ACAC02ACD20CF002C7082 /* MemoData+CoreDataProperties.swift in Sources */,
				7681C2932AD012B3009E8DE6 /* MemoDataManager.swift in Sources */,
				7684D8492B170B6300D6E0E6 /* TodayViewModel.swift in Sources */,
				76027F722ADE47F500C6F9EC /* IconTheme.swift in Sources */,
				767631262AD3D3E3009C148D /* TodayViewController.swift in Sources */,
				764ACACD2ACD70AA002C7082 /* NewMemoViewController.swift in Sources */,
				7684D84F2B17213000D6E0E6 /* MainCategoryViewModel.swift in Sources */,
				7684D84D2B171C7000D6E0E6 /* CategoryViewModel.swift in Sources */,
				76E856CB2ACBF6D1009433D6 /* AppDelegate.swift in Sources */,
				76E856CD2ACBF6D1009433D6 /* SceneDelegate.swift in Sources */,
				767631242AD3D348009C148D /* TodayCell.swift in Sources */,
				76027F6C2ADE3D6E00C6F9EC /* CategoryTheme.swift in Sources */,
				7684D84B2B17146500D6E0E6 /* MemoViewModel.swift in Sources */,
				76E6E1A22AD51815004EB37F /* CategoryTransformer.swift in Sources */,
				7681C2902ACFF529009E8DE6 /* CategoryDetailCell.swift in Sources */,
			);
			runOnlyForDeploymentPostprocessing = 0;
		};
/* End PBXSourcesBuildPhase section */

/* Begin PBXVariantGroup section */
		76E856D02ACBF6D1009433D6 /* Main.storyboard */ = {
			isa = PBXVariantGroup;
			children = (
				76E856D12ACBF6D1009433D6 /* Base */,
			);
			name = Main.storyboard;
			sourceTree = "<group>";
		};
		76E856D82ACBF6D2009433D6 /* LaunchScreen.storyboard */ = {
			isa = PBXVariantGroup;
			children = (
				76E856D92ACBF6D2009433D6 /* Base */,
			);
			name = LaunchScreen.storyboard;
			sourceTree = "<group>";
		};
/* End PBXVariantGroup section */

/* Begin XCBuildConfiguration section */
		76E856DC2ACBF6D2009433D6 /* Debug */ = {
			isa = XCBuildConfiguration;
			buildSettings = {
				ALWAYS_SEARCH_USER_PATHS = NO;
				CLANG_ANALYZER_NONNULL = YES;
				CLANG_ANALYZER_NUMBER_OBJECT_CONVERSION = YES_AGGRESSIVE;
				CLANG_CXX_LANGUAGE_STANDARD = "gnu++20";
				CLANG_ENABLE_MODULES = YES;
				CLANG_ENABLE_OBJC_ARC = YES;
				CLANG_ENABLE_OBJC_WEAK = YES;
				CLANG_WARN_BLOCK_CAPTURE_AUTORELEASING = YES;
				CLANG_WARN_BOOL_CONVERSION = YES;
				CLANG_WARN_COMMA = YES;
				CLANG_WARN_CONSTANT_CONVERSION = YES;
				CLANG_WARN_DEPRECATED_OBJC_IMPLEMENTATIONS = YES;
				CLANG_WARN_DIRECT_OBJC_ISA_USAGE = YES_ERROR;
				CLANG_WARN_DOCUMENTATION_COMMENTS = YES;
				CLANG_WARN_EMPTY_BODY = YES;
				CLANG_WARN_ENUM_CONVERSION = YES;
				CLANG_WARN_INFINITE_RECURSION = YES;
				CLANG_WARN_INT_CONVERSION = YES;
				CLANG_WARN_NON_LITERAL_NULL_CONVERSION = YES;
				CLANG_WARN_OBJC_IMPLICIT_RETAIN_SELF = YES;
				CLANG_WARN_OBJC_LITERAL_CONVERSION = YES;
				CLANG_WARN_OBJC_ROOT_CLASS = YES_ERROR;
				CLANG_WARN_QUOTED_INCLUDE_IN_FRAMEWORK_HEADER = YES;
				CLANG_WARN_RANGE_LOOP_ANALYSIS = YES;
				CLANG_WARN_STRICT_PROTOTYPES = YES;
				CLANG_WARN_SUSPICIOUS_MOVE = YES;
				CLANG_WARN_UNGUARDED_AVAILABILITY = YES_AGGRESSIVE;
				CLANG_WARN_UNREACHABLE_CODE = YES;
				CLANG_WARN__DUPLICATE_METHOD_MATCH = YES;
				COPY_PHASE_STRIP = NO;
				DEBUG_INFORMATION_FORMAT = dwarf;
				ENABLE_STRICT_OBJC_MSGSEND = YES;
				ENABLE_TESTABILITY = YES;
				GCC_C_LANGUAGE_STANDARD = gnu11;
				GCC_DYNAMIC_NO_PIC = NO;
				GCC_NO_COMMON_BLOCKS = YES;
				GCC_OPTIMIZATION_LEVEL = 0;
				GCC_PREPROCESSOR_DEFINITIONS = (
					"DEBUG=1",
					"$(inherited)",
				);
				GCC_WARN_64_TO_32_BIT_CONVERSION = YES;
				GCC_WARN_ABOUT_RETURN_TYPE = YES_ERROR;
				GCC_WARN_UNDECLARED_SELECTOR = YES;
				GCC_WARN_UNINITIALIZED_AUTOS = YES_AGGRESSIVE;
				GCC_WARN_UNUSED_FUNCTION = YES;
				GCC_WARN_UNUSED_VARIABLE = YES;
				IPHONEOS_DEPLOYMENT_TARGET = 15.0;
				MTL_ENABLE_DEBUG_INFO = INCLUDE_SOURCE;
				MTL_FAST_MATH = YES;
				ONLY_ACTIVE_ARCH = YES;
				SDKROOT = iphoneos;
				SWIFT_ACTIVE_COMPILATION_CONDITIONS = DEBUG;
				SWIFT_OPTIMIZATION_LEVEL = "-Onone";
			};
			name = Debug;
		};
		76E856DD2ACBF6D2009433D6 /* Release */ = {
			isa = XCBuildConfiguration;
			buildSettings = {
				ALWAYS_SEARCH_USER_PATHS = NO;
				CLANG_ANALYZER_NONNULL = YES;
				CLANG_ANALYZER_NUMBER_OBJECT_CONVERSION = YES_AGGRESSIVE;
				CLANG_CXX_LANGUAGE_STANDARD = "gnu++20";
				CLANG_ENABLE_MODULES = YES;
				CLANG_ENABLE_OBJC_ARC = YES;
				CLANG_ENABLE_OBJC_WEAK = YES;
				CLANG_WARN_BLOCK_CAPTURE_AUTORELEASING = YES;
				CLANG_WARN_BOOL_CONVERSION = YES;
				CLANG_WARN_COMMA = YES;
				CLANG_WARN_CONSTANT_CONVERSION = YES;
				CLANG_WARN_DEPRECATED_OBJC_IMPLEMENTATIONS = YES;
				CLANG_WARN_DIRECT_OBJC_ISA_USAGE = YES_ERROR;
				CLANG_WARN_DOCUMENTATION_COMMENTS = YES;
				CLANG_WARN_EMPTY_BODY = YES;
				CLANG_WARN_ENUM_CONVERSION = YES;
				CLANG_WARN_INFINITE_RECURSION = YES;
				CLANG_WARN_INT_CONVERSION = YES;
				CLANG_WARN_NON_LITERAL_NULL_CONVERSION = YES;
				CLANG_WARN_OBJC_IMPLICIT_RETAIN_SELF = YES;
				CLANG_WARN_OBJC_LITERAL_CONVERSION = YES;
				CLANG_WARN_OBJC_ROOT_CLASS = YES_ERROR;
				CLANG_WARN_QUOTED_INCLUDE_IN_FRAMEWORK_HEADER = YES;
				CLANG_WARN_RANGE_LOOP_ANALYSIS = YES;
				CLANG_WARN_STRICT_PROTOTYPES = YES;
				CLANG_WARN_SUSPICIOUS_MOVE = YES;
				CLANG_WARN_UNGUARDED_AVAILABILITY = YES_AGGRESSIVE;
				CLANG_WARN_UNREACHABLE_CODE = YES;
				CLANG_WARN__DUPLICATE_METHOD_MATCH = YES;
				COPY_PHASE_STRIP = NO;
				DEBUG_INFORMATION_FORMAT = "dwarf-with-dsym";
				ENABLE_NS_ASSERTIONS = NO;
				ENABLE_STRICT_OBJC_MSGSEND = YES;
				GCC_C_LANGUAGE_STANDARD = gnu11;
				GCC_NO_COMMON_BLOCKS = YES;
				GCC_WARN_64_TO_32_BIT_CONVERSION = YES;
				GCC_WARN_ABOUT_RETURN_TYPE = YES_ERROR;
				GCC_WARN_UNDECLARED_SELECTOR = YES;
				GCC_WARN_UNINITIALIZED_AUTOS = YES_AGGRESSIVE;
				GCC_WARN_UNUSED_FUNCTION = YES;
				GCC_WARN_UNUSED_VARIABLE = YES;
				IPHONEOS_DEPLOYMENT_TARGET = 15.0;
				MTL_ENABLE_DEBUG_INFO = NO;
				MTL_FAST_MATH = YES;
				SDKROOT = iphoneos;
				SWIFT_COMPILATION_MODE = wholemodule;
				SWIFT_OPTIMIZATION_LEVEL = "-O";
				VALIDATE_PRODUCT = YES;
			};
			name = Release;
		};
		76E856DF2ACBF6D2009433D6 /* Debug */ = {
			isa = XCBuildConfiguration;
			buildSettings = {
				ASSETCATALOG_COMPILER_APPICON_NAME = AppIcon;
				ASSETCATALOG_COMPILER_GLOBAL_ACCENT_COLOR_NAME = AccentColor;
				CODE_SIGN_STYLE = Automatic;
				CURRENT_PROJECT_VERSION = 1;
				DEVELOPMENT_TEAM = A9AQ72K5MY;
				GENERATE_INFOPLIST_FILE = YES;
				INFOPLIST_FILE = ThinkingAbout/Info.plist;
				INFOPLIST_KEY_CFBundleDisplayName = "띵커바웃";
				INFOPLIST_KEY_UIApplicationSupportsIndirectInputEvents = YES;
				INFOPLIST_KEY_UILaunchStoryboardName = LaunchScreen;
				INFOPLIST_KEY_UIMainStoryboardFile = Main;
				INFOPLIST_KEY_UISupportedInterfaceOrientations = UIInterfaceOrientationPortrait;
				INFOPLIST_KEY_UISupportedInterfaceOrientations_iPad = "UIInterfaceOrientationLandscapeLeft UIInterfaceOrientationLandscapeRight UIInterfaceOrientationPortrait UIInterfaceOrientationPortraitUpsideDown";
				IPHONEOS_DEPLOYMENT_TARGET = 15.0;
				LD_RUNPATH_SEARCH_PATHS = (
					"$(inherited)",
					"@executable_path/Frameworks",
				);
				MARKETING_VERSION = 1.1;
				PRODUCT_BUNDLE_IDENTIFIER = iyeah.ThinkAbout;
				PRODUCT_NAME = "$(TARGET_NAME)";
				SUPPORTED_PLATFORMS = "iphoneos iphonesimulator";
				SUPPORTS_MACCATALYST = NO;
				SUPPORTS_MAC_DESIGNED_FOR_IPHONE_IPAD = NO;
				SWIFT_EMIT_LOC_STRINGS = YES;
				SWIFT_VERSION = 5.0;
				TARGETED_DEVICE_FAMILY = 1;
			};
			name = Debug;
		};
		76E856E02ACBF6D2009433D6 /* Release */ = {
			isa = XCBuildConfiguration;
			buildSettings = {
				ASSETCATALOG_COMPILER_APPICON_NAME = AppIcon;
				ASSETCATALOG_COMPILER_GLOBAL_ACCENT_COLOR_NAME = AccentColor;
				CODE_SIGN_STYLE = Automatic;
				CURRENT_PROJECT_VERSION = 1;
				DEVELOPMENT_TEAM = A9AQ72K5MY;
				GENERATE_INFOPLIST_FILE = YES;
				INFOPLIST_FILE = ThinkingAbout/Info.plist;
				INFOPLIST_KEY_CFBundleDisplayName = "띵커바웃";
				INFOPLIST_KEY_UIApplicationSupportsIndirectInputEvents = YES;
				INFOPLIST_KEY_UILaunchStoryboardName = LaunchScreen;
				INFOPLIST_KEY_UIMainStoryboardFile = Main;
				INFOPLIST_KEY_UISupportedInterfaceOrientations = UIInterfaceOrientationPortrait;
				INFOPLIST_KEY_UISupportedInterfaceOrientations_iPad = "UIInterfaceOrientationLandscapeLeft UIInterfaceOrientationLandscapeRight UIInterfaceOrientationPortrait UIInterfaceOrientationPortraitUpsideDown";
				IPHONEOS_DEPLOYMENT_TARGET = 15.0;
				LD_RUNPATH_SEARCH_PATHS = (
					"$(inherited)",
					"@executable_path/Frameworks",
				);
				MARKETING_VERSION = 1.1;
				PRODUCT_BUNDLE_IDENTIFIER = iyeah.ThinkAbout;
				PRODUCT_NAME = "$(TARGET_NAME)";
				SUPPORTED_PLATFORMS = "iphoneos iphonesimulator";
				SUPPORTS_MACCATALYST = NO;
				SUPPORTS_MAC_DESIGNED_FOR_IPHONE_IPAD = NO;
				SWIFT_EMIT_LOC_STRINGS = YES;
				SWIFT_VERSION = 5.0;
				TARGETED_DEVICE_FAMILY = 1;
			};
			name = Release;
		};
/* End XCBuildConfiguration section */

/* Begin XCConfigurationList section */
		76E856C22ACBF6D1009433D6 /* Build configuration list for PBXProject "ThinkingAbout" */ = {
			isa = XCConfigurationList;
			buildConfigurations = (
				76E856DC2ACBF6D2009433D6 /* Debug */,
				76E856DD2ACBF6D2009433D6 /* Release */,
			);
			defaultConfigurationIsVisible = 0;
			defaultConfigurationName = Release;
		};
		76E856DE2ACBF6D2009433D6 /* Build configuration list for PBXNativeTarget "ThinkingAbout" */ = {
			isa = XCConfigurationList;
			buildConfigurations = (
				76E856DF2ACBF6D2009433D6 /* Debug */,
				76E856E02ACBF6D2009433D6 /* Release */,
			);
			defaultConfigurationIsVisible = 0;
			defaultConfigurationName = Release;
		};
/* End XCConfigurationList section */

/* Begin XCVersionGroup section */
		76E856D32ACBF6D1009433D6 /* ThinkingAbout.xcdatamodeld */ = {
			isa = XCVersionGroup;
			children = (
				76E856D42ACBF6D1009433D6 /* ThinkingAbout.xcdatamodel */,
			);
			currentVersion = 76E856D42ACBF6D1009433D6 /* ThinkingAbout.xcdatamodel */;
			path = ThinkingAbout.xcdatamodeld;
			sourceTree = "<group>";
			versionGroupType = wrapper.xcdatamodel;
		};
/* End XCVersionGroup section */
	};
	rootObject = 76E856BF2ACBF6D1009433D6 /* Project object */;
}
